
Microsoft Visual Studio Solution File, Format Version 12.00
# Visual Studio 15
VisualStudioVersion = 15.0.28307.168
MinimumVisualStudioVersion = 10.0.40219.1
Project("{FAE04EC0-301F-11D3-BF4B-00C04F79EFBC}") = "SampleTestApp", "SampleTestApp.csproj", "{D37B95DC-6615-4C1D-8325-0584700FEA0E}"
EndProject
Project("{FAE04EC0-301F-11D3-BF4B-00C04F79EFBC}") = "Test.Tests", "..\Test.Tests\Test.Tests.csproj", "{40B35471-2D03-4391-A42B-83FB34B0FC1B}"
EndProject
Global
	GlobalSection(SolutionConfigurationPlatforms) = preSolution
		Debug|Any CPU = Debug|Any CPU
		Release|Any CPU = Release|Any CPU
	EndGlobalSection
	GlobalSection(ProjectConfigurationPlatforms) = postSolution
		{D37B95DC-6615-4C1D-8325-0584700FEA0E}.Debug|Any CPU.ActiveCfg = Debug|Any CPU
		{D37B95DC-6615-4C1D-8325-0584700FEA0E}.Debug|Any CPU.Build.0 = Debug|Any CPU
		{D37B95DC-6615-4C1D-8325-0584700FEA0E}.Release|Any CPU.ActiveCfg = Release|Any CPU
		{D37B95DC-6615-4C1D-8325-0584700FEA0E}.Release|Any CPU.Build.0 = Release|Any CPU
		{40B35471-2D03-4391-A42B-83FB34B0FC1B}.Debug|Any CPU.ActiveCfg = Debug|Any CPU
		{40B35471-2D03-4391-A42B-83FB34B0FC1B}.Debug|Any CPU.Build.0 = Debug|Any CPU
		{40B35471-2D03-4391-A42B-83FB34B0FC1B}.Release|Any CPU.ActiveCfg = Release|Any CPU
		{40B35471-2D03-4391-A42B-83FB34B0FC1B}.Release|Any CPU.Build.0 = Release|Any CPU
	EndGlobalSection
	GlobalSection(SolutionProperties) = preSolution
		HideSolutionNode = FALSE
	EndGlobalSection
	GlobalSection(ExtensibilityGlobals) = postSolution
		SolutionGuid = {AAE5800B-39E9-4909-8A2B-4E58395099F0}
	EndGlobalSection
EndGlobal
